
Microsoft Visual Studio Solution File, Format Version 12.00
# Visual Studio Version 16
VisualStudioVersion = 16.6.30114.105
MinimumVisualStudioVersion = 10.0.40219.1
Project("{9A19103F-16F7-4668-BE54-9A1E7A4F7556}") = "R5T.D0076.Construction", "R5T.D0076.Construction\R5T.D0076.Construction.csproj", "{AC90843F-1A47-48A8-906D-0BEB5A237F5E}"
EndProject
Project("{9A19103F-16F7-4668-BE54-9A1E7A4F7556}") = "R5T.D0076.Base", "R5T.D0076.Base\R5T.D0076.Base.csproj", "{6538AFF7-CE4E-4B24-8420-B61D289EB570}"
EndProject
Project("{2150E333-8FDC-42A3-9474-1A3956D46DE8}") = "_Dependencies", "_Dependencies", "{E2627A2D-7B7C-496E-B221-3B62EF73B637}"
EndProject
Project("{9A19103F-16F7-4668-BE54-9A1E7A4F7556}") = "R5T.Magyar", "..\..\R5T.Magyar\source\R5T.Magyar\R5T.Magyar.csproj", "{47EC6855-A0CA-4C6F-B187-B40AAE27DE85}"
EndProject
Project("{9A19103F-16F7-4668-BE54-9A1E7A4F7556}") = "R5T.D0076.Default", "R5T.D0076.Default\R5T.D0076.Default.csproj", "{89D2F087-54D1-4DAF-B5D2-7689C0CC952F}"
EndProject
Project("{9A19103F-16F7-4668-BE54-9A1E7A4F7556}") = "R5T.Dacia", "..\..\R5T.Dacia\source\R5T.Dacia\R5T.Dacia.csproj", "{690D19A8-DA47-4DCC-B516-367E5C9ED4E2}"
EndProject
Project("{9A19103F-16F7-4668-BE54-9A1E7A4F7556}") = "R5T.Dacia.Extensions", "..\..\R5T.Dacia.Extensions\source\R5T.Dacia.Extensions\R5T.Dacia.Extensions.csproj", "{ADAE19D5-E05E-46D4-AC5F-77A58EA26BB8}"
EndProject
Project("{9A19103F-16F7-4668-BE54-9A1E7A4F7556}") = "R5T.D0075.Base", "..\..\R5T.D0075\source\R5T.D0075.Base\R5T.D0075.Base.csproj", "{9A250612-7366-4C8E-8B5E-4BBA7855990B}"
EndProject
Project("{9A19103F-16F7-4668-BE54-9A1E7A4F7556}") = "R5T.D0074.Base", "..\..\R5T.D0074\source\R5T.D0074.Base\R5T.D0074.Base.csproj", "{DB602A76-C1A8-45CA-8B2C-530D35951220}"
EndProject
Project("{FAE04EC0-301F-11D3-BF4B-00C04F79EFBC}") = "R5T.D0076.A001", "R5T.D0076.A001\R5T.D0076.A001.csproj", "{E20C1334-CD54-4283-B492-8F3986121378}"
EndProject
Project("{9A19103F-16F7-4668-BE54-9A1E7A4F7556}") = "R5T.D0075.Default", "..\..\R5T.D0075\source\R5T.D0075.Default\R5T.D0075.Default.csproj", "{83860F81-F055-4181-BDFD-B40EFC6B3215}"
EndProject
Project("{9A19103F-16F7-4668-BE54-9A1E7A4F7556}") = "R5T.D0074.A001", "..\..\R5T.D0074\source\R5T.D0074.A001\R5T.D0074.A001.csproj", "{24C2FEFB-1504-464F-AEEF-2A5450583E3C}"
EndProject
Global
	GlobalSection(SolutionConfigurationPlatforms) = preSolution
		Debug|Any CPU = Debug|Any CPU
		Debug|x64 = Debug|x64
		Debug|x86 = Debug|x86
		Release|Any CPU = Release|Any CPU
		Release|x64 = Release|x64
		Release|x86 = Release|x86
	EndGlobalSection
	GlobalSection(ProjectConfigurationPlatforms) = postSolution
		{AC90843F-1A47-48A8-906D-0BEB5A237F5E}.Debug|Any CPU.ActiveCfg = Debug|Any CPU
		{AC90843F-1A47-48A8-906D-0BEB5A237F5E}.Debug|Any CPU.Build.0 = Debug|Any CPU
		{AC90843F-1A47-48A8-906D-0BEB5A237F5E}.Debug|x64.ActiveCfg = Debug|Any CPU
		{AC90843F-1A47-48A8-906D-0BEB5A237F5E}.Debug|x64.Build.0 = Debug|Any CPU
		{AC90843F-1A47-48A8-906D-0BEB5A237F5E}.Debug|x86.ActiveCfg = Debug|Any CPU
		{AC90843F-1A47-48A8-906D-0BEB5A237F5E}.Debug|x86.Build.0 = Debug|Any CPU
		{AC90843F-1A47-48A8-906D-0BEB5A237F5E}.Release|Any CPU.ActiveCfg = Release|Any CPU
		{AC90843F-1A47-48A8-906D-0BEB5A237F5E}.Release|Any CPU.Build.0 = Release|Any CPU
		{AC90843F-1A47-48A8-906D-0BEB5A237F5E}.Release|x64.ActiveCfg = Release|Any CPU
		{AC90843F-1A47-48A8-906D-0BEB5A237F5E}.Release|x64.Build.0 = Release|Any CPU
		{AC90843F-1A47-48A8-906D-0BEB5A237F5E}.Release|x86.ActiveCfg = Release|Any CPU
		{AC90843F-1A47-48A8-906D-0BEB5A237F5E}.Release|x86.Build.0 = Release|Any CPU
		{6538AFF7-CE4E-4B24-8420-B61D289EB570}.Debug|Any CPU.ActiveCfg = Debug|Any CPU
		{6538AFF7-CE4E-4B24-8420-B61D289EB570}.Debug|Any CPU.Build.0 = Debug|Any CPU
		{6538AFF7-CE4E-4B24-8420-B61D289EB570}.Debug|x64.ActiveCfg = Debug|Any CPU
		{6538AFF7-CE4E-4B24-8420-B61D289EB570}.Debug|x64.Build.0 = Debug|Any CPU
		{6538AFF7-CE4E-4B24-8420-B61D289EB570}.Debug|x86.ActiveCfg = Debug|Any CPU
		{6538AFF7-CE4E-4B24-8420-B61D289EB570}.Debug|x86.Build.0 = Debug|Any CPU
		{6538AFF7-CE4E-4B24-8420-B61D289EB570}.Release|Any CPU.ActiveCfg = Release|Any CPU
		{6538AFF7-CE4E-4B24-8420-B61D289EB570}.Release|Any CPU.Build.0 = Release|Any CPU
		{6538AFF7-CE4E-4B24-8420-B61D289EB570}.Release|x64.ActiveCfg = Release|Any CPU
		{6538AFF7-CE4E-4B24-8420-B61D289EB570}.Release|x64.Build.0 = Release|Any CPU
		{6538AFF7-CE4E-4B24-8420-B61D289EB570}.Release|x86.ActiveCfg = Release|Any CPU
		{6538AFF7-CE4E-4B24-8420-B61D289EB570}.Release|x86.Build.0 = Release|Any CPU
		{47EC6855-A0CA-4C6F-B187-B40AAE27DE85}.Debug|Any CPU.ActiveCfg = Debug|Any CPU
		{47EC6855-A0CA-4C6F-B187-B40AAE27DE85}.Debug|Any CPU.Build.0 = Debug|Any CPU
		{47EC6855-A0CA-4C6F-B187-B40AAE27DE85}.Debug|x64.ActiveCfg = Debug|Any CPU
		{47EC6855-A0CA-4C6F-B187-B40AAE27DE85}.Debug|x64.Build.0 = Debug|Any CPU
		{47EC6855-A0CA-4C6F-B187-B40AAE27DE85}.Debug|x86.ActiveCfg = Debug|Any CPU
		{47EC6855-A0CA-4C6F-B187-B40AAE27DE85}.Debug|x86.Build.0 = Debug|Any CPU
		{47EC6855-A0CA-4C6F-B187-B40AAE27DE85}.Release|Any CPU.ActiveCfg = Release|Any CPU
		{47EC6855-A0CA-4C6F-B187-B40AAE27DE85}.Release|Any CPU.Build.0 = Release|Any CPU
		{47EC6855-A0CA-4C6F-B187-B40AAE27DE85}.Release|x64.ActiveCfg = Release|Any CPU
		{47EC6855-A0CA-4C6F-B187-B40AAE27DE85}.Release|x64.Build.0 = Release|Any CPU
		{47EC6855-A0CA-4C6F-B187-B40AAE27DE85}.Release|x86.ActiveCfg = Release|Any CPU
		{47EC6855-A0CA-4C6F-B187-B40AAE27DE85}.Release|x86.Build.0 = Release|Any CPU
		{89D2F087-54D1-4DAF-B5D2-7689C0CC952F}.Debug|Any CPU.ActiveCfg = Debug|Any CPU
		{89D2F087-54D1-4DAF-B5D2-7689C0CC952F}.Debug|Any CPU.Build.0 = Debug|Any CPU
		{89D2F087-54D1-4DAF-B5D2-7689C0CC952F}.Debug|x64.ActiveCfg = Debug|Any CPU
		{89D2F087-54D1-4DAF-B5D2-7689C0CC952F}.Debug|x64.Build.0 = Debug|Any CPU
		{89D2F087-54D1-4DAF-B5D2-7689C0CC952F}.Debug|x86.ActiveCfg = Debug|Any CPU
		{89D2F087-54D1-4DAF-B5D2-7689C0CC952F}.Debug|x86.Build.0 = Debug|Any CPU
		{89D2F087-54D1-4DAF-B5D2-7689C0CC952F}.Release|Any CPU.ActiveCfg = Release|Any CPU
		{89D2F087-54D1-4DAF-B5D2-7689C0CC952F}.Release|Any CPU.Build.0 = Release|Any CPU
		{89D2F087-54D1-4DAF-B5D2-7689C0CC952F}.Release|x64.ActiveCfg = Release|Any CPU
		{89D2F087-54D1-4DAF-B5D2-7689C0CC952F}.Release|x64.Build.0 = Release|Any CPU
		{89D2F087-54D1-4DAF-B5D2-7689C0CC952F}.Release|x86.ActiveCfg = Release|Any CPU
		{89D2F087-54D1-4DAF-B5D2-7689C0CC952F}.Release|x86.Build.0 = Release|Any CPU
		{690D19A8-DA47-4DCC-B516-367E5C9ED4E2}.Debug|Any CPU.ActiveCfg = Debug|Any CPU
		{690D19A8-DA47-4DCC-B516-367E5C9ED4E2}.Debug|Any CPU.Build.0 = Debug|Any CPU
		{690D19A8-DA47-4DCC-B516-367E5C9ED4E2}.Debug|x64.ActiveCfg = Debug|Any CPU
		{690D19A8-DA47-4DCC-B516-367E5C9ED4E2}.Debug|x64.Build.0 = Debug|Any CPU
		{690D19A8-DA47-4DCC-B516-367E5C9ED4E2}.Debug|x86.ActiveCfg = Debug|Any CPU
		{690D19A8-DA47-4DCC-B516-367E5C9ED4E2}.Debug|x86.Build.0 = Debug|Any CPU
		{690D19A8-DA47-4DCC-B516-367E5C9ED4E2}.Release|Any CPU.ActiveCfg = Release|Any CPU
		{690D19A8-DA47-4DCC-B516-367E5C9ED4E2}.Release|Any CPU.Build.0 = Release|Any CPU
		{690D19A8-DA47-4DCC-B516-367E5C9ED4E2}.Release|x64.ActiveCfg = Release|Any CPU
		{690D19A8-DA47-4DCC-B516-367E5C9ED4E2}.Release|x64.Build.0 = Release|Any CPU
		{690D19A8-DA47-4DCC-B516-367E5C9ED4E2}.Release|x86.ActiveCfg = Release|Any CPU
		{690D19A8-DA47-4DCC-B516-367E5C9ED4E2}.Release|x86.Build.0 = Release|Any CPU
		{ADAE19D5-E05E-46D4-AC5F-77A58EA26BB8}.Debug|Any CPU.ActiveCfg = Debug|Any CPU
		{ADAE19D5-E05E-46D4-AC5F-77A58EA26BB8}.Debug|Any CPU.Build.0 = Debug|Any CPU
		{ADAE19D5-E05E-46D4-AC5F-77A58EA26BB8}.Debug|x64.ActiveCfg = Debug|Any CPU
		{ADAE19D5-E05E-46D4-AC5F-77A58EA26BB8}.Debug|x64.Build.0 = Debug|Any CPU
		{ADAE19D5-E05E-46D4-AC5F-77A58EA26BB8}.Debug|x86.ActiveCfg = Debug|Any CPU
		{ADAE19D5-E05E-46D4-AC5F-77A58EA26BB8}.Debug|x86.Build.0 = Debug|Any CPU
		{ADAE19D5-E05E-46D4-AC5F-77A58EA26BB8}.Release|Any CPU.ActiveCfg = Release|Any CPU
		{ADAE19D5-E05E-46D4-AC5F-77A58EA26BB8}.Release|Any CPU.Build.0 = Release|Any CPU
		{ADAE19D5-E05E-46D4-AC5F-77A58EA26BB8}.Release|x64.ActiveCfg = Release|Any CPU
		{ADAE19D5-E05E-46D4-AC5F-77A58EA26BB8}.Release|x64.Build.0 = Release|Any CPU
		{ADAE19D5-E05E-46D4-AC5F-77A58EA26BB8}.Release|x86.ActiveCfg = Release|Any CPU
		{ADAE19D5-E05E-46D4-AC5F-77A58EA26BB8}.Release|x86.Build.0 = Release|Any CPU
		{9A250612-7366-4C8E-8B5E-4BBA7855990B}.Debug|Any CPU.ActiveCfg = Debug|Any CPU
		{9A250612-7366-4C8E-8B5E-4BBA7855990B}.Debug|Any CPU.Build.0 = Debug|Any CPU
		{9A250612-7366-4C8E-8B5E-4BBA7855990B}.Debug|x64.ActiveCfg = Debug|Any CPU
		{9A250612-7366-4C8E-8B5E-4BBA7855990B}.Debug|x64.Build.0 = Debug|Any CPU
		{9A250612-7366-4C8E-8B5E-4BBA7855990B}.Debug|x86.ActiveCfg = Debug|Any CPU
		{9A250612-7366-4C8E-8B5E-4BBA7855990B}.Debug|x86.Build.0 = Debug|Any CPU
		{9A250612-7366-4C8E-8B5E-4BBA7855990B}.Release|Any CPU.ActiveCfg = Release|Any CPU
		{9A250612-7366-4C8E-8B5E-4BBA7855990B}.Release|Any CPU.Build.0 = Release|Any CPU
		{9A250612-7366-4C8E-8B5E-4BBA7855990B}.Release|x64.ActiveCfg = Release|Any CPU
		{9A250612-7366-4C8E-8B5E-4BBA7855990B}.Release|x64.Build.0 = Release|Any CPU
		{9A250612-7366-4C8E-8B5E-4BBA7855990B}.Release|x86.ActiveCfg = Release|Any CPU
		{9A250612-7366-4C8E-8B5E-4BBA7855990B}.Release|x86.Build.0 = Release|Any CPU
		{DB602A76-C1A8-45CA-8B2C-530D35951220}.Debug|Any CPU.ActiveCfg = Debug|Any CPU
		{DB602A76-C1A8-45CA-8B2C-530D35951220}.Debug|Any CPU.Build.0 = Debug|Any CPU
		{DB602A76-C1A8-45CA-8B2C-530D35951220}.Debug|x64.ActiveCfg = Debug|Any CPU
		{DB602A76-C1A8-45CA-8B2C-530D35951220}.Debug|x64.Build.0 = Debug|Any CPU
		{DB602A76-C1A8-45CA-8B2C-530D35951220}.Debug|x86.ActiveCfg = Debug|Any CPU
		{DB602A76-C1A8-45CA-8B2C-530D35951220}.Debug|x86.Build.0 = Debug|Any CPU
		{DB602A76-C1A8-45CA-8B2C-530D35951220}.Release|Any CPU.ActiveCfg = Release|Any CPU
		{DB602A76-C1A8-45CA-8B2C-530D35951220}.Release|Any CPU.Build.0 = Release|Any CPU
		{DB602A76-C1A8-45CA-8B2C-530D35951220}.Release|x64.ActiveCfg = Release|Any CPU
		{DB602A76-C1A8-45CA-8B2C-530D35951220}.Release|x64.Build.0 = Release|Any CPU
		{DB602A76-C1A8-45CA-8B2C-530D35951220}.Release|x86.ActiveCfg = Release|Any CPU
		{DB602A76-C1A8-45CA-8B2C-530D35951220}.Release|x86.Build.0 = Release|Any CPU
		{E20C1334-CD54-4283-B492-8F3986121378}.Debug|Any CPU.ActiveCfg = Debug|Any CPU
		{E20C1334-CD54-4283-B492-8F3986121378}.Debug|Any CPU.Build.0 = Debug|Any CPU
		{E20C1334-CD54-4283-B492-8F3986121378}.Debug|x64.ActiveCfg = Debug|Any CPU
		{E20C1334-CD54-4283-B492-8F3986121378}.Debug|x64.Build.0 = Debug|Any CPU
		{E20C1334-CD54-4283-B492-8F3986121378}.Debug|x86.ActiveCfg = Debug|Any CPU
		{E20C1334-CD54-4283-B492-8F3986121378}.Debug|x86.Build.0 = Debug|Any CPU
		{E20C1334-CD54-4283-B492-8F3986121378}.Release|Any CPU.ActiveCfg = Release|Any CPU
		{E20C1334-CD54-4283-B492-8F3986121378}.Release|Any CPU.Build.0 = Release|Any CPU
		{E20C1334-CD54-4283-B492-8F3986121378}.Release|x64.ActiveCfg = Release|Any CPU
		{E20C1334-CD54-4283-B492-8F3986121378}.Release|x64.Build.0 = Release|Any CPU
		{E20C1334-CD54-4283-B492-8F3986121378}.Release|x86.ActiveCfg = Release|Any CPU
		{E20C1334-CD54-4283-B492-8F3986121378}.Release|x86.Build.0 = Release|Any CPU
		{83860F81-F055-4181-BDFD-B40EFC6B3215}.Debug|Any CPU.ActiveCfg = Debug|Any CPU
		{83860F81-F055-4181-BDFD-B40EFC6B3215}.Debug|Any CPU.Build.0 = Debug|Any CPU
		{83860F81-F055-4181-BDFD-B40EFC6B3215}.Debug|x64.ActiveCfg = Debug|Any CPU
		{83860F81-F055-4181-BDFD-B40EFC6B3215}.Debug|x64.Build.0 = Debug|Any CPU
		{83860F81-F055-4181-BDFD-B40EFC6B3215}.Debug|x86.ActiveCfg = Debug|Any CPU
		{83860F81-F055-4181-BDFD-B40EFC6B3215}.Debug|x86.Build.0 = Debug|Any CPU
		{83860F81-F055-4181-BDFD-B40EFC6B3215}.Release|Any CPU.ActiveCfg = Release|Any CPU
		{83860F81-F055-4181-BDFD-B40EFC6B3215}.Release|Any CPU.Build.0 = Release|Any CPU
		{83860F81-F055-4181-BDFD-B40EFC6B3215}.Release|x64.ActiveCfg = Release|Any CPU
		{83860F81-F055-4181-BDFD-B40EFC6B3215}.Release|x64.Build.0 = Release|Any CPU
		{83860F81-F055-4181-BDFD-B40EFC6B3215}.Release|x86.ActiveCfg = Release|Any CPU
		{83860F81-F055-4181-BDFD-B40EFC6B3215}.Release|x86.Build.0 = Release|Any CPU
		{24C2FEFB-1504-464F-AEEF-2A5450583E3C}.Debug|Any CPU.ActiveCfg = Debug|Any CPU
		{24C2FEFB-1504-464F-AEEF-2A5450583E3C}.Debug|Any CPU.Build.0 = Debug|Any CPU
		{24C2FEFB-1504-464F-AEEF-2A5450583E3C}.Debug|x64.ActiveCfg = Debug|Any CPU
		{24C2FEFB-1504-464F-AEEF-2A5450583E3C}.Debug|x64.Build.0 = Debug|Any CPU
		{24C2FEFB-1504-464F-AEEF-2A5450583E3C}.Debug|x86.ActiveCfg = Debug|Any CPU
		{24C2FEFB-1504-464F-AEEF-2A5450583E3C}.Debug|x86.Build.0 = Debug|Any CPU
		{24C2FEFB-1504-464F-AEEF-2A5450583E3C}.Release|Any CPU.ActiveCfg = Release|Any CPU
		{24C2FEFB-1504-464F-AEEF-2A5450583E3C}.Release|Any CPU.Build.0 = Release|Any CPU
		{24C2FEFB-1504-464F-AEEF-2A5450583E3C}.Release|x64.ActiveCfg = Release|Any CPU
		{24C2FEFB-1504-464F-AEEF-2A5450583E3C}.Release|x64.Build.0 = Release|Any CPU
		{24C2FEFB-1504-464F-AEEF-2A5450583E3C}.Release|x86.ActiveCfg = Release|Any CPU
		{24C2FEFB-1504-464F-AEEF-2A5450583E3C}.Release|x86.Build.0 = Release|Any CPU
	EndGlobalSection
	GlobalSection(SolutionProperties) = preSolution
		HideSolutionNode = FALSE
	EndGlobalSection
	GlobalSection(NestedProjects) = preSolution
		{47EC6855-A0CA-4C6F-B187-B40AAE27DE85} = {E2627A2D-7B7C-496E-B221-3B62EF73B637}
		{690D19A8-DA47-4DCC-B516-367E5C9ED4E2} = {E2627A2D-7B7C-496E-B221-3B62EF73B637}
		{ADAE19D5-E05E-46D4-AC5F-77A58EA26BB8} = {E2627A2D-7B7C-496E-B221-3B62EF73B637}
		{9A250612-7366-4C8E-8B5E-4BBA7855990B} = {E2627A2D-7B7C-496E-B221-3B62EF73B637}
		{DB602A76-C1A8-45CA-8B2C-530D35951220} = {E2627A2D-7B7C-496E-B221-3B62EF73B637}
		{83860F81-F055-4181-BDFD-B40EFC6B3215} = {E2627A2D-7B7C-496E-B221-3B62EF73B637}
		{24C2FEFB-1504-464F-AEEF-2A5450583E3C} = {E2627A2D-7B7C-496E-B221-3B62EF73B637}
	EndGlobalSection
	GlobalSection(ExtensibilityGlobals) = postSolution
		SolutionGuid = {9F9E0E6D-F46C-4427-8322-7A16175AD708}
	EndGlobalSection
EndGlobal
